// !$*UTF8*$!
{
	archiveVersion = 1;
	classes = {
	};
	objectVersion = 46;
	objects = {

/* Begin PBXBuildFile section */
		1258609E1CD8DC2A00934EFE /* main.m in Sources */ = {isa = PBXBuildFile; fileRef = 1258609D1CD8DC2A00934EFE /* main.m */; };
		125860A11CD8DC2A00934EFE /* AppDelegate.m in Sources */ = {isa = PBXBuildFile; fileRef = 125860A01CD8DC2A00934EFE /* AppDelegate.m */; };
		125860A41CD8DC2A00934EFE /* ToDo.xcdatamodeld in Sources */ = {isa = PBXBuildFile; fileRef = 125860A21CD8DC2A00934EFE /* ToDo.xcdatamodeld */; };
		125860A71CD8DC2A00934EFE /* MasterViewController.m in Sources */ = {isa = PBXBuildFile; fileRef = 125860A61CD8DC2A00934EFE /* MasterViewController.m */; };
		125860AA1CD8DC2A00934EFE /* DetailViewController.m in Sources */ = {isa = PBXBuildFile; fileRef = 125860A91CD8DC2A00934EFE /* DetailViewController.m */; };
		125860AD1CD8DC2A00934EFE /* Main.storyboard in Resources */ = {isa = PBXBuildFile; fileRef = 125860AB1CD8DC2A00934EFE /* Main.storyboard */; };
		125860AF1CD8DC2A00934EFE /* Assets.xcassets in Resources */ = {isa = PBXBuildFile; fileRef = 125860AE1CD8DC2A00934EFE /* Assets.xcassets */; };
		125860B21CD8DC2A00934EFE /* LaunchScreen.storyboard in Resources */ = {isa = PBXBuildFile; fileRef = 125860B01CD8DC2A00934EFE /* LaunchScreen.storyboard */; };
/* End PBXBuildFile section */

/* Begin PBXFileReference section */
		125860991CD8DC2A00934EFE /* ToDo.app */ = {isa = PBXFileReference; explicitFileType = wrapper.application; includeInIndex = 0; path = ToDo.app; sourceTree = BUILT_PRODUCTS_DIR; };
		1258609D1CD8DC2A00934EFE /* main.m */ = {isa = PBXFileReference; lastKnownFileType = sourcecode.c.objc; path = main.m; sourceTree = "<group>"; };
		1258609F1CD8DC2A00934EFE /* AppDelegate.h */ = {isa = PBXFileReference; lastKnownFileType = sourcecode.c.h; path = AppDelegate.h; sourceTree = "<group>"; };
		125860A01CD8DC2A00934EFE /* AppDelegate.m */ = {isa = PBXFileReference; lastKnownFileType = sourcecode.c.objc; path = AppDelegate.m; sourceTree = "<group>"; };
		125860A31CD8DC2A00934EFE /* ToDo.xcdatamodel */ = {isa = PBXFileReference; lastKnownFileType = wrapper.xcdatamodel; path = ToDo.xcdatamodel; sourceTree = "<group>"; };
		125860A51CD8DC2A00934EFE /* MasterViewController.h */ = {isa = PBXFileReference; lastKnownFileType = sourcecode.c.h; path = MasterViewController.h; sourceTree = "<group>"; };
		125860A61CD8DC2A00934EFE /* MasterViewController.m */ = {isa = PBXFileReference; lastKnownFileType = sourcecode.c.objc; path = MasterViewController.m; sourceTree = "<group>"; };
		125860A81CD8DC2A00934EFE /* DetailViewController.h */ = {isa = PBXFileReference; lastKnownFileType = sourcecode.c.h; path = DetailViewController.h; sourceTree = "<group>"; };
		125860A91CD8DC2A00934EFE /* DetailViewController.m */ = {isa = PBXFileReference; lastKnownFileType = sourcecode.c.objc; path = DetailViewController.m; sourceTree = "<group>"; };
		125860AC1CD8DC2A00934EFE /* Base */ = {isa = PBXFileReference; lastKnownFileType = file.storyboard; name = Base; path = Base.lproj/Main.storyboard; sourceTree = "<group>"; };
		125860AE1CD8DC2A00934EFE /* Assets.xcassets */ = {isa = PBXFileReference; lastKnownFileType = folder.assetcatalog; path = Assets.xcassets; sourceTree = "<group>"; };
		125860B11CD8DC2A00934EFE /* Base */ = {isa = PBXFileReference; lastKnownFileType = file.storyboard; name = Base; path = Base.lproj/LaunchScreen.storyboard; sourceTree = "<group>"; };
		125860B31CD8DC2A00934EFE /* Info.plist */ = {isa = PBXFileReference; lastKnownFileType = text.plist.xml; path = Info.plist; sourceTree = "<group>"; };
/* End PBXFileReference section */

/* Begin PBXFrameworksBuildPhase section */
		125860961CD8DC2A00934EFE /* Frameworks */ = {
			isa = PBXFrameworksBuildPhase;
			buildActionMask = 2147483647;
			files = (
			);
			runOnlyForDeploymentPostprocessing = 0;
		};
/* End PBXFrameworksBuildPhase section */

/* Begin PBXGroup section */
		125860901CD8DC2A00934EFE = {
			isa = PBXGroup;
			children = (
				1258609B1CD8DC2A00934EFE /* ToDo */,
				1258609A1CD8DC2A00934EFE /* Products */,
			);
			sourceTree = "<group>";
		};
		1258609A1CD8DC2A00934EFE /* Products */ = {
			isa = PBXGroup;
			children = (
				125860991CD8DC2A00934EFE /* ToDo.app */,
			);
			name = Products;
			sourceTree = "<group>";
		};
		1258609B1CD8DC2A00934EFE /* ToDo */ = {
			isa = PBXGroup;
			children = (
				1258609F1CD8DC2A00934EFE /* AppDelegate.h */,
				125860A01CD8DC2A00934EFE /* AppDelegate.m */,
				125860A51CD8DC2A00934EFE /* MasterViewController.h */,
				125860A61CD8DC2A00934EFE /* MasterViewController.m */,
				125860A81CD8DC2A00934EFE /* DetailViewController.h */,
				125860A91CD8DC2A00934EFE /* DetailViewController.m */,
				125860AB1CD8DC2A00934EFE /* Main.storyboard */,
				125860AE1CD8DC2A00934EFE /* Assets.xcassets */,
				125860B01CD8DC2A00934EFE /* LaunchScreen.storyboard */,
				125860B31CD8DC2A00934EFE /* Info.plist */,
				125860A21CD8DC2A00934EFE /* ToDo.xcdatamodeld */,
				1258609C1CD8DC2A00934EFE /* Supporting Files */,
			);
			path = ToDo;
			sourceTree = "<group>";
		};
		1258609C1CD8DC2A00934EFE /* Supporting Files */ = {
			isa = PBXGroup;
			children = (
				1258609D1CD8DC2A00934EFE /* main.m */,
			);
			name = "Supporting Files";
			sourceTree = "<group>";
		};
/* End PBXGroup section */

/* Begin PBXNativeTarget section */
		125860981CD8DC2A00934EFE /* ToDo */ = {
			isa = PBXNativeTarget;
			buildConfigurationList = 125860B61CD8DC2A00934EFE /* Build configuration list for PBXNativeTarget "ToDo" */;
			buildPhases = (
				125860951CD8DC2A00934EFE /* Sources */,
				125860961CD8DC2A00934EFE /* Frameworks */,
				125860971CD8DC2A00934EFE /* Resources */,
			);
			buildRules = (
			);
			dependencies = (
			);
			name = ToDo;
			productName = ToDo;
			productReference = 125860991CD8DC2A00934EFE /* ToDo.app */;
			productType = "com.apple.product-type.application";
		};
/* End PBXNativeTarget section */

/* Begin PBXProject section */
		125860911CD8DC2A00934EFE /* Project object */ = {
			isa = PBXProject;
			attributes = {
				LastUpgradeCheck = 0730;
				ORGANIZATIONNAME = "Jorge Catalan";
				TargetAttributes = {
					125860981CD8DC2A00934EFE = {
						CreatedOnToolsVersion = 7.3;
						DevelopmentTeam = DFHMFVHWS2;
					};
				};
			};
			buildConfigurationList = 125860941CD8DC2A00934EFE /* Build configuration list for PBXProject "ToDo" */;
			compatibilityVersion = "Xcode 3.2";
			developmentRegion = English;
			hasScannedForEncodings = 0;
			knownRegions = (
				en,
				Base,
			);
			mainGroup = 125860901CD8DC2A00934EFE;
			productRefGroup = 1258609A1CD8DC2A00934EFE /* Products */;
			projectDirPath = "";
			projectRoot = "";
			targets = (
				125860981CD8DC2A00934EFE /* ToDo */,
			);
		};
/* End PBXProject section */

/* Begin PBXResourcesBuildPhase section */
		125860971CD8DC2A00934EFE /* Resources */ = {
			isa = PBXResourcesBuildPhase;
			buildActionMask = 2147483647;
			files = (
				125860B21CD8DC2A00934EFE /* LaunchScreen.storyboard in Resources */,
				125860AF1CD8DC2A00934EFE /* Assets.xcassets in Resources */,
				125860AD1CD8DC2A00934EFE /* Main.storyboard in Resources */,
			);
			runOnlyForDeploymentPostprocessing = 0;
		};
/* End PBXResourcesBuildPhase section */

/* Begin PBXSourcesBuildPhase section */
		125860951CD8DC2A00934EFE /* Sources */ = {
			isa = PBXSourcesBuildPhase;
			buildActionMask = 2147483647;
			files = (
				125860AA1CD8DC2A00934EFE /* DetailViewController.m in Sources */,
				125860A71CD8DC2A00934EFE /* MasterViewController.m in Sources */,
				125860A11CD8DC2A00934EFE /* AppDelegate.m in Sources */,
				125860A41CD8DC2A00934EFE /* ToDo.xcdatamodeld in Sources */,
				1258609E1CD8DC2A00934EFE /* main.m in Sources */,
			);
			runOnlyForDeploymentPostprocessing = 0;
		};
/* End PBXSourcesBuildPhase section */

/* Begin PBXVariantGroup section */
		125860AB1CD8DC2A00934EFE /* Main.storyboard */ = {
			isa = PBXVariantGroup;
			children = (
				125860AC1CD8DC2A00934EFE /* Base */,
			);
			name = Main.storyboard;
			sourceTree = "<group>";
		};
		125860B01CD8DC2A00934EFE /* LaunchScreen.storyboard */ = {
			isa = PBXVariantGroup;
			children = (
				125860B11CD8DC2A00934EFE /* Base */,
			);
			name = LaunchScreen.storyboard;
			sourceTree = "<group>";
		};
/* End PBXVariantGroup section */

/* Begin XCBuildConfiguration section */
		125860B41CD8DC2A00934EFE /* Debug */ = {
			isa = XCBuildConfiguration;
			buildSettings = {
				ALWAYS_SEARCH_USER_PATHS = NO;
				CLANG_ANALYZER_NONNULL = YES;
				CLANG_CXX_LANGUAGE_STANDARD = "gnu++0x";
				CLANG_CXX_LIBRARY = "libc++";
				CLANG_ENABLE_MODULES = YES;
				CLANG_ENABLE_OBJC_ARC = YES;
				CLANG_WARN_BOOL_CONVERSION = YES;
				CLANG_WARN_CONSTANT_CONVERSION = YES;
				CLANG_WARN_DIRECT_OBJC_ISA_USAGE = YES_ERROR;
				CLANG_WARN_EMPTY_BODY = YES;
				CLANG_WARN_ENUM_CONVERSION = YES;
				CLANG_WARN_INT_CONVERSION = YES;
				CLANG_WARN_OBJC_ROOT_CLASS = YES_ERROR;
				CLANG_WARN_UNREACHABLE_CODE = YES;
				CLANG_WARN__DUPLICATE_METHOD_MATCH = YES;
				"CODE_SIGN_IDENTITY[sdk=iphoneos*]" = "iPhone Developer";
				COPY_PHASE_STRIP = NO;
				DEBUG_INFORMATION_FORMAT = dwarf;
				ENABLE_STRICT_OBJC_MSGSEND = YES;
				ENABLE_TESTABILITY = YES;
				GCC_C_LANGUAGE_STANDARD = gnu99;
				GCC_DYNAMIC_NO_PIC = NO;
				GCC_NO_COMMON_BLOCKS = YES;
				GCC_OPTIMIZATION_LEVEL = 0;
				GCC_PREPROCESSOR_DEFINITIONS = (
					"DEBUG=1",
					"$(inherited)",
				);
				GCC_WARN_64_TO_32_BIT_CONVERSION = YES;
				GCC_WARN_ABOUT_RETURN_TYPE = YES_ERROR;
				GCC_WARN_UNDECLARED_SELECTOR = YES;
				GCC_WARN_UNINITIALIZED_AUTOS = YES_AGGRESSIVE;
				GCC_WARN_UNUSED_FUNCTION = YES;
				GCC_WARN_UNUSED_VARIABLE = YES;
				IPHONEOS_DEPLOYMENT_TARGET = 9.3;
				MTL_ENABLE_DEBUG_INFO = YES;
				ONLY_ACTIVE_ARCH = YES;
				SDKROOT = iphoneos;
				TARGETED_DEVICE_FAMILY = "1,2";
			};
			name = Debug;
		};
		125860B51CD8DC2A00934EFE /* Release */ = {
			isa = XCBuildConfiguration;
			buildSettings = {
				ALWAYS_SEARCH_USER_PATHS = NO;
				CLANG_ANALYZER_NONNULL = YES;
				CLANG_CXX_LANGUAGE_STANDARD = "gnu++0x";
				CLANG_CXX_LIBRARY = "libc++";
				CLANG_ENABLE_MODULES = YES;
				CLANG_ENABLE_OBJC_ARC = YES;
				CLANG_WARN_BOOL_CONVERSION = YES;
				CLANG_WARN_CONSTANT_CONVERSION = YES;
				CLANG_WARN_DIRECT_OBJC_ISA_USAGE = YES_ERROR;
				CLANG_WARN_EMPTY_BODY = YES;
				CLANG_WARN_ENUM_CONVERSION = YES;
				CLANG_WARN_INT_CONVERSION = YES;
				CLANG_WARN_OBJC_ROOT_CLASS = YES_ERROR;
				CLANG_WARN_UNREACHABLE_CODE = YES;
				CLANG_WARN__DUPLICATE_METHOD_MATCH = YES;
				"CODE_SIGN_IDENTITY[sdk=iphoneos*]" = "iPhone Developer";
				COPY_PHASE_STRIP = NO;
				DEBUG_INFORMATION_FORMAT = "dwarf-with-dsym";
				ENABLE_NS_ASSERTIONS = NO;
				ENABLE_STRICT_OBJC_MSGSEND = YES;
				GCC_C_LANGUAGE_STANDARD = gnu99;
				GCC_NO_COMMON_BLOCKS = YES;
				GCC_WARN_64_TO_32_BIT_CONVERSION = YES;
				GCC_WARN_ABOUT_RETURN_TYPE = YES_ERROR;
				GCC_WARN_UNDECLARED_SELECTOR = YES;
				GCC_WARN_UNINITIALIZED_AUTOS = YES_AGGRESSIVE;
				GCC_WARN_UNUSED_FUNCTION = YES;
				GCC_WARN_UNUSED_VARIABLE = YES;
				IPHONEOS_DEPLOYMENT_TARGET = 9.3;
				MTL_ENABLE_DEBUG_INFO = NO;
				SDKROOT = iphoneos;
				TARGETED_DEVICE_FAMILY = "1,2";
				VALIDATE_PRODUCT = YES;
			};
			name = Release;
		};
		125860B71CD8DC2A00934EFE /* Debug */ = {
			isa = XCBuildConfiguration;
			buildSettings = {
				ASSETCATALOG_COMPILER_APPICON_NAME = AppIcon;
				INFOPLIST_FILE = ToDo/Info.plist;
				LD_RUNPATH_SEARCH_PATHS = "$(inherited) @executable_path/Frameworks";
				PRODUCT_BUNDLE_IDENTIFIER = "Jorge-Catalan.ToDo";
				PRODUCT_NAME = "$(TARGET_NAME)";
			};
			name = Debug;
		};
		125860B81CD8DC2A00934EFE /* Release */ = {
			isa = XCBuildConfiguration;
			buildSettings = {
				ASSETCATALOG_COMPILER_APPICON_NAME = AppIcon;
				INFOPLIST_FILE = ToDo/Info.plist;
				LD_RUNPATH_SEARCH_PATHS = "$(inherited) @executable_path/Frameworks";
				PRODUCT_BUNDLE_IDENTIFIER = "Jorge-Catalan.ToDo";
				PRODUCT_NAME = "$(TARGET_NAME)";
			};
			name = Release;
		};
/* End XCBuildConfiguration section */

/* Begin XCConfigurationList section */
		125860941CD8DC2A00934EFE /* Build configuration list for PBXProject "ToDo" */ = {
			isa = XCConfigurationList;
			buildConfigurations = (
				125860B41CD8DC2A00934EFE /* Debug */,
				125860B51CD8DC2A00934EFE /* Release */,
			);
			defaultConfigurationIsVisible = 0;
			defaultConfigurationName = Release;
		};
		125860B61CD8DC2A00934EFE /* Build configuration list for PBXNativeTarget "ToDo" */ = {
			isa = XCConfigurationList;
			buildConfigurations = (
				125860B71CD8DC2A00934EFE /* Debug */,
				125860B81CD8DC2A00934EFE /* Release */,
			);
			defaultConfigurationIsVisible = 0;
		};
/* End XCConfigurationList section */

/* Begin XCVersionGroup section */
		125860A21CD8DC2A00934EFE /* ToDo.xcdatamodeld */ = {
			isa = XCVersionGroup;
			children = (
				125860A31CD8DC2A00934EFE /* ToDo.xcdatamodel */,
			);
			currentVersion = 125860A31CD8DC2A00934EFE /* ToDo.xcdatamodel */;
			path = ToDo.xcdatamodeld;
			sourceTree = "<group>";
			versionGroupType = wrapper.xcdatamodel;
		};
/* End XCVersionGroup section */
	};
	rootObject = 125860911CD8DC2A00934EFE /* Project object */;
}
